# This file is generated by running "yarn install" inside your project.
# Manual changes might be lost - proceed with caution!

__metadata:
  version: 7

"@semrel-extra/zxbr-test-a@workspace:*, @semrel-extra/zxbr-test-a@workspace:^, @semrel-extra/zxbr-test-a@workspace:packages/a":
  version: 0.0.0-use.local
  resolution: "@semrel-extra/zxbr-test-a@workspace:packages/a"
  languageName: unknown
  linkType: soft

"@semrel-extra/zxbr-test-b@workspace:packages/b":
  version: 0.0.0-use.local
  resolution: "@semrel-extra/zxbr-test-b@workspace:packages/b"
  dependencies:
    "@semrel-extra/zxbr-test-a": "workspace:*"
  languageName: unknown
  linkType: soft

"@semrel-extra/zxbr-test-c@workspace:packages/c":
  version: 0.0.0-use.local
  resolution: "@semrel-extra/zxbr-test-c@workspace:packages/c"
  dependencies:
    "@semrel-extra/zxbr-test-a": "workspace:^"
    "@semrel-extra/zxbr-test-d": "workspace:~"
  languageName: unknown
  linkType: soft

"@semrel-extra/zxbr-test-d@workspace:packages/d, @semrel-extra/zxbr-test-d@workspace:~":
  version: 0.0.0-use.local
  resolution: "@semrel-extra/zxbr-test-d@workspace:packages/d"
  dependencies:
    "@semrel-extra/zxbr-test-a": "workspace:*"
  languageName: unknown
  linkType: soft

"demo-zx-bulk-release@workspace:.":
  version: 0.0.0-use.local
  resolution: "demo-zx-bulk-release@workspace:."
  languageName: unknown
  linkType: soft
